
Microsoft Visual Studio Solution File, Format Version 12.00
# Visual Studio Version 17
VisualStudioVersion = 17.4.33213.308
MinimumVisualStudioVersion = 10.0.40219.1
Project("{FAE04EC0-301F-11D3-BF4B-00C04F79EFBC}") = "ChallengeApp1", "ChallengeApp1\ChallengeApp1.csproj", "{1AC34556-F165-44B7-98D4-5B01FE0B399A}"
EndProject
Global
	GlobalSection(SolutionConfigurationPlatforms) = preSolution
		Debug|Any CPU = Debug|Any CPU
		Release|Any CPU = Release|Any CPU
	EndGlobalSection
	GlobalSection(ProjectConfigurationPlatforms) = postSolution
		{1AC34556-F165-44B7-98D4-5B01FE0B399A}.Debug|Any CPU.ActiveCfg = Debug|Any CPU
		{1AC34556-F165-44B7-98D4-5B01FE0B399A}.Debug|Any CPU.Build.0 = Debug|Any CPU
		{1AC34556-F165-44B7-98D4-5B01FE0B399A}.Release|Any CPU.ActiveCfg = Release|Any CPU
		{1AC34556-F165-44B7-98D4-5B01FE0B399A}.Release|Any CPU.Build.0 = Release|Any CPU
	EndGlobalSection
	GlobalSection(SolutionProperties) = preSolution
		HideSolutionNode = FALSE
	EndGlobalSection
	GlobalSection(ExtensibilityGlobals) = postSolution
		SolutionGuid = {1C94E9B3-5565-49BD-9413-18A4F389C9BD}
	EndGlobalSection
EndGlobal
